
Microsoft Visual Studio Solution File, Format Version 12.00
# Visual Studio Version 16
VisualStudioVersion = 16.0.30309.148
MinimumVisualStudioVersion = 10.0.40219.1
Project("{8BC9CEB8-8B4A-11D0-8D11-00A0C91BC942}") = "Unit Project 1", "Unit Project 1\Unit Project 1.vcxproj", "{9CECDA62-B212-46E4-9792-DE23A3E1A1BB}"
EndProject
Global
	GlobalSection(SolutionConfigurationPlatforms) = preSolution
		Debug|x64 = Debug|x64
		Debug|x86 = Debug|x86
		Release|x64 = Release|x64
		Release|x86 = Release|x86
	EndGlobalSection
	GlobalSection(ProjectConfigurationPlatforms) = postSolution
		{9CECDA62-B212-46E4-9792-DE23A3E1A1BB}.Debug|x64.ActiveCfg = Debug|x64
		{9CECDA62-B212-46E4-9792-DE23A3E1A1BB}.Debug|x64.Build.0 = Debug|x64
		{9CECDA62-B212-46E4-9792-DE23A3E1A1BB}.Debug|x86.ActiveCfg = Debug|Win32
		{9CECDA62-B212-46E4-9792-DE23A3E1A1BB}.Debug|x86.Build.0 = Debug|Win32
		{9CECDA62-B212-46E4-9792-DE23A3E1A1BB}.Release|x64.ActiveCfg = Release|x64
		{9CECDA62-B212-46E4-9792-DE23A3E1A1BB}.Release|x64.Build.0 = Release|x64
		{9CECDA62-B212-46E4-9792-DE23A3E1A1BB}.Release|x86.ActiveCfg = Release|Win32
		{9CECDA62-B212-46E4-9792-DE23A3E1A1BB}.Release|x86.Build.0 = Release|Win32
	EndGlobalSection
	GlobalSection(SolutionProperties) = preSolution
		HideSolutionNode = FALSE
	EndGlobalSection
	GlobalSection(ExtensibilityGlobals) = postSolution
		SolutionGuid = {FBC31E71-B9A8-433F-827F-40887C4C7F10}
	EndGlobalSection
EndGlobal
